
Microsoft Visual Studio Solution File, Format Version 12.00
# Visual Studio Version 17
VisualStudioVersion = 17.10.34928.147
MinimumVisualStudioVersion = 10.0.40219.1
Project("{FAE04EC0-301F-11D3-BF4B-00C04F79EFBC}") = "Zadanie8ChainOfResponsibility", "Zadanie8ChainOfResponsibility\Zadanie8ChainOfResponsibility.csproj", "{3F8B6A0B-5BF8-4178-8D9D-72EB47B31612}"
EndProject
Global
	GlobalSection(SolutionConfigurationPlatforms) = preSolution
		Debug|Any CPU = Debug|Any CPU
		Release|Any CPU = Release|Any CPU
	EndGlobalSection
	GlobalSection(ProjectConfigurationPlatforms) = postSolution
		{3F8B6A0B-5BF8-4178-8D9D-72EB47B31612}.Debug|Any CPU.ActiveCfg = Debug|Any CPU
		{3F8B6A0B-5BF8-4178-8D9D-72EB47B31612}.Debug|Any CPU.Build.0 = Debug|Any CPU
		{3F8B6A0B-5BF8-4178-8D9D-72EB47B31612}.Release|Any CPU.ActiveCfg = Release|Any CPU
		{3F8B6A0B-5BF8-4178-8D9D-72EB47B31612}.Release|Any CPU.Build.0 = Release|Any CPU
	EndGlobalSection
	GlobalSection(SolutionProperties) = preSolution
		HideSolutionNode = FALSE
	EndGlobalSection
	GlobalSection(ExtensibilityGlobals) = postSolution
		SolutionGuid = {C5957C6C-5188-40BA-B705-52B7C2C070B5}
	EndGlobalSection
EndGlobal
